// !$*UTF8*$!
{
	archiveVersion = 1;
	classes = {
	};
	objectVersion = 50;
	objects = {

/* Begin PBXBuildFile section */
		4D5CA90A49E41C4DA15A6F9C /* Pods_MarketTests.framework in Frameworks */ = {isa = PBXBuildFile; fileRef = 3A52A5B520F8B9F937BA2897 /* Pods_MarketTests.framework */; };
		51B87A0623CEB9CC009C0550 /* AppDelegate.swift in Sources */ = {isa = PBXBuildFile; fileRef = 51B87A0523CEB9CC009C0550 /* AppDelegate.swift */; };
		51B87A0823CEB9CC009C0550 /* SceneDelegate.swift in Sources */ = {isa = PBXBuildFile; fileRef = 51B87A0723CEB9CC009C0550 /* SceneDelegate.swift */; };
		51B87A0A23CEB9CC009C0550 /* ContentView.swift in Sources */ = {isa = PBXBuildFile; fileRef = 51B87A0923CEB9CC009C0550 /* ContentView.swift */; };
		51B87A0C23CEB9CF009C0550 /* Assets.xcassets in Resources */ = {isa = PBXBuildFile; fileRef = 51B87A0B23CEB9CF009C0550 /* Assets.xcassets */; };
		51B87A0F23CEB9CF009C0550 /* Preview Assets.xcassets in Resources */ = {isa = PBXBuildFile; fileRef = 51B87A0E23CEB9CF009C0550 /* Preview Assets.xcassets */; };
		51B87A1223CEB9CF009C0550 /* LaunchScreen.storyboard in Resources */ = {isa = PBXBuildFile; fileRef = 51B87A1023CEB9CF009C0550 /* LaunchScreen.storyboard */; };
		51B87A1D23CEB9CF009C0550 /* MarketTests.swift in Sources */ = {isa = PBXBuildFile; fileRef = 51B87A1C23CEB9CF009C0550 /* MarketTests.swift */; };
		51B87A2823CEB9CF009C0550 /* MarketUITests.swift in Sources */ = {isa = PBXBuildFile; fileRef = 51B87A2723CEB9CF009C0550 /* MarketUITests.swift */; };
		6361D0C6BDA9CE7AD5E114CA /* Pods_Market_MarketUITests.framework in Frameworks */ = {isa = PBXBuildFile; fileRef = D7A58C589C0B9C8F9A263C48 /* Pods_Market_MarketUITests.framework */; };
		64BC0345A34BAD96B4B96409 /* Pods_Market.framework in Frameworks */ = {isa = PBXBuildFile; fileRef = 0C5A58AF8D954771DE03C049 /* Pods_Market.framework */; };
/* End PBXBuildFile section */

/* Begin PBXContainerItemProxy section */
		51B87A1923CEB9CF009C0550 /* PBXContainerItemProxy */ = {
			isa = PBXContainerItemProxy;
			containerPortal = 51B879FA23CEB9CC009C0550 /* Project object */;
			proxyType = 1;
			remoteGlobalIDString = 51B87A0123CEB9CC009C0550;
			remoteInfo = Market;
		};
		51B87A2423CEB9CF009C0550 /* PBXContainerItemProxy */ = {
			isa = PBXContainerItemProxy;
			containerPortal = 51B879FA23CEB9CC009C0550 /* Project object */;
			proxyType = 1;
			remoteGlobalIDString = 51B87A0123CEB9CC009C0550;
			remoteInfo = Market;
		};
/* End PBXContainerItemProxy section */

/* Begin PBXFileReference section */
		0C5A58AF8D954771DE03C049 /* Pods_Market.framework */ = {isa = PBXFileReference; explicitFileType = wrapper.framework; includeInIndex = 0; path = Pods_Market.framework; sourceTree = BUILT_PRODUCTS_DIR; };
		3A52A5B520F8B9F937BA2897 /* Pods_MarketTests.framework */ = {isa = PBXFileReference; explicitFileType = wrapper.framework; includeInIndex = 0; path = Pods_MarketTests.framework; sourceTree = BUILT_PRODUCTS_DIR; };
		51B87A0223CEB9CC009C0550 /* Market.app */ = {isa = PBXFileReference; explicitFileType = wrapper.application; includeInIndex = 0; path = Market.app; sourceTree = BUILT_PRODUCTS_DIR; };
		51B87A0523CEB9CC009C0550 /* AppDelegate.swift */ = {isa = PBXFileReference; lastKnownFileType = sourcecode.swift; path = AppDelegate.swift; sourceTree = "<group>"; };
		51B87A0723CEB9CC009C0550 /* SceneDelegate.swift */ = {isa = PBXFileReference; lastKnownFileType = sourcecode.swift; path = SceneDelegate.swift; sourceTree = "<group>"; };
		51B87A0923CEB9CC009C0550 /* ContentView.swift */ = {isa = PBXFileReference; lastKnownFileType = sourcecode.swift; path = ContentView.swift; sourceTree = "<group>"; };
		51B87A0B23CEB9CF009C0550 /* Assets.xcassets */ = {isa = PBXFileReference; lastKnownFileType = folder.assetcatalog; path = Assets.xcassets; sourceTree = "<group>"; };
		51B87A0E23CEB9CF009C0550 /* Preview Assets.xcassets */ = {isa = PBXFileReference; lastKnownFileType = folder.assetcatalog; path = "Preview Assets.xcassets"; sourceTree = "<group>"; };
		51B87A1123CEB9CF009C0550 /* Base */ = {isa = PBXFileReference; lastKnownFileType = file.storyboard; name = Base; path = Base.lproj/LaunchScreen.storyboard; sourceTree = "<group>"; };
		51B87A1323CEB9CF009C0550 /* Info.plist */ = {isa = PBXFileReference; lastKnownFileType = text.plist.xml; path = Info.plist; sourceTree = "<group>"; };
		51B87A1823CEB9CF009C0550 /* MarketTests.xctest */ = {isa = PBXFileReference; explicitFileType = wrapper.cfbundle; includeInIndex = 0; path = MarketTests.xctest; sourceTree = BUILT_PRODUCTS_DIR; };
		51B87A1C23CEB9CF009C0550 /* MarketTests.swift */ = {isa = PBXFileReference; lastKnownFileType = sourcecode.swift; path = MarketTests.swift; sourceTree = "<group>"; };
		51B87A1E23CEB9CF009C0550 /* Info.plist */ = {isa = PBXFileReference; lastKnownFileType = text.plist.xml; path = Info.plist; sourceTree = "<group>"; };
		51B87A2323CEB9CF009C0550 /* MarketUITests.xctest */ = {isa = PBXFileReference; explicitFileType = wrapper.cfbundle; includeInIndex = 0; path = MarketUITests.xctest; sourceTree = BUILT_PRODUCTS_DIR; };
		51B87A2723CEB9CF009C0550 /* MarketUITests.swift */ = {isa = PBXFileReference; lastKnownFileType = sourcecode.swift; path = MarketUITests.swift; sourceTree = "<group>"; };
		51B87A2923CEB9CF009C0550 /* Info.plist */ = {isa = PBXFileReference; lastKnownFileType = text.plist.xml; path = Info.plist; sourceTree = "<group>"; };
		5398430099C7BA2A6065C551 /* Pods-Market-MarketUITests.release.xcconfig */ = {isa = PBXFileReference; includeInIndex = 1; lastKnownFileType = text.xcconfig; name = "Pods-Market-MarketUITests.release.xcconfig"; path = "Target Support Files/Pods-Market-MarketUITests/Pods-Market-MarketUITests.release.xcconfig"; sourceTree = "<group>"; };
		BB70F108649BCBDAE5221B27 /* Pods-Market.debug.xcconfig */ = {isa = PBXFileReference; includeInIndex = 1; lastKnownFileType = text.xcconfig; name = "Pods-Market.debug.xcconfig"; path = "Target Support Files/Pods-Market/Pods-Market.debug.xcconfig"; sourceTree = "<group>"; };
		C51470AFF2485031D2FA4CFC /* Pods-Market.release.xcconfig */ = {isa = PBXFileReference; includeInIndex = 1; lastKnownFileType = text.xcconfig; name = "Pods-Market.release.xcconfig"; path = "Target Support Files/Pods-Market/Pods-Market.release.xcconfig"; sourceTree = "<group>"; };
		D7A58C589C0B9C8F9A263C48 /* Pods_Market_MarketUITests.framework */ = {isa = PBXFileReference; explicitFileType = wrapper.framework; includeInIndex = 0; path = Pods_Market_MarketUITests.framework; sourceTree = BUILT_PRODUCTS_DIR; };
		DA632AFD7C3271E00B231CB2 /* Pods-MarketTests.debug.xcconfig */ = {isa = PBXFileReference; includeInIndex = 1; lastKnownFileType = text.xcconfig; name = "Pods-MarketTests.debug.xcconfig"; path = "Target Support Files/Pods-MarketTests/Pods-MarketTests.debug.xcconfig"; sourceTree = "<group>"; };
		E94C9BE9D95FA4B1CEBA05ED /* Pods-Market-MarketUITests.debug.xcconfig */ = {isa = PBXFileReference; includeInIndex = 1; lastKnownFileType = text.xcconfig; name = "Pods-Market-MarketUITests.debug.xcconfig"; path = "Target Support Files/Pods-Market-MarketUITests/Pods-Market-MarketUITests.debug.xcconfig"; sourceTree = "<group>"; };
		F11FBE9A30307FFF90B85E9E /* Pods-MarketTests.release.xcconfig */ = {isa = PBXFileReference; includeInIndex = 1; lastKnownFileType = text.xcconfig; name = "Pods-MarketTests.release.xcconfig"; path = "Target Support Files/Pods-MarketTests/Pods-MarketTests.release.xcconfig"; sourceTree = "<group>"; };
/* End PBXFileReference section */

/* Begin PBXFrameworksBuildPhase section */
		51B879FF23CEB9CC009C0550 /* Frameworks */ = {
			isa = PBXFrameworksBuildPhase;
			buildActionMask = 2147483647;
			files = (
				64BC0345A34BAD96B4B96409 /* Pods_Market.framework in Frameworks */,
			);
			runOnlyForDeploymentPostprocessing = 0;
		};
		51B87A1523CEB9CF009C0550 /* Frameworks */ = {
			isa = PBXFrameworksBuildPhase;
			buildActionMask = 2147483647;
			files = (
				4D5CA90A49E41C4DA15A6F9C /* Pods_MarketTests.framework in Frameworks */,
			);
			runOnlyForDeploymentPostprocessing = 0;
		};
		51B87A2023CEB9CF009C0550 /* Frameworks */ = {
			isa = PBXFrameworksBuildPhase;
			buildActionMask = 2147483647;
			files = (
				6361D0C6BDA9CE7AD5E114CA /* Pods_Market_MarketUITests.framework in Frameworks */,
			);
			runOnlyForDeploymentPostprocessing = 0;
		};
/* End PBXFrameworksBuildPhase section */

/* Begin PBXGroup section */
		51B879F923CEB9CC009C0550 = {
			isa = PBXGroup;
			children = (
				51B87A0423CEB9CC009C0550 /* Market */,
				51B87A1B23CEB9CF009C0550 /* MarketTests */,
				51B87A2623CEB9CF009C0550 /* MarketUITests */,
				51B87A0323CEB9CC009C0550 /* Products */,
				A67209B3F419D97C25A1315B /* Pods */,
				605D36901269FCCFD3A65BD7 /* Frameworks */,
			);
			sourceTree = "<group>";
		};
		51B87A0323CEB9CC009C0550 /* Products */ = {
			isa = PBXGroup;
			children = (
				51B87A0223CEB9CC009C0550 /* Market.app */,
				51B87A1823CEB9CF009C0550 /* MarketTests.xctest */,
				51B87A2323CEB9CF009C0550 /* MarketUITests.xctest */,
			);
			name = Products;
			sourceTree = "<group>";
		};
		51B87A0423CEB9CC009C0550 /* Market */ = {
			isa = PBXGroup;
			children = (
				51B87A0523CEB9CC009C0550 /* AppDelegate.swift */,
				51B87A0723CEB9CC009C0550 /* SceneDelegate.swift */,
				51B87A0923CEB9CC009C0550 /* ContentView.swift */,
				51B87A0B23CEB9CF009C0550 /* Assets.xcassets */,
				51B87A1023CEB9CF009C0550 /* LaunchScreen.storyboard */,
				51B87A1323CEB9CF009C0550 /* Info.plist */,
				51B87A0D23CEB9CF009C0550 /* Preview Content */,
			);
			path = Market;
			sourceTree = "<group>";
		};
		51B87A0D23CEB9CF009C0550 /* Preview Content */ = {
			isa = PBXGroup;
			children = (
				51B87A0E23CEB9CF009C0550 /* Preview Assets.xcassets */,
			);
			path = "Preview Content";
			sourceTree = "<group>";
		};
		51B87A1B23CEB9CF009C0550 /* MarketTests */ = {
			isa = PBXGroup;
			children = (
				51B87A1C23CEB9CF009C0550 /* MarketTests.swift */,
				51B87A1E23CEB9CF009C0550 /* Info.plist */,
			);
			path = MarketTests;
			sourceTree = "<group>";
		};
		51B87A2623CEB9CF009C0550 /* MarketUITests */ = {
			isa = PBXGroup;
			children = (
				51B87A2723CEB9CF009C0550 /* MarketUITests.swift */,
				51B87A2923CEB9CF009C0550 /* Info.plist */,
			);
			path = MarketUITests;
			sourceTree = "<group>";
		};
		605D36901269FCCFD3A65BD7 /* Frameworks */ = {
			isa = PBXGroup;
			children = (
				0C5A58AF8D954771DE03C049 /* Pods_Market.framework */,
				D7A58C589C0B9C8F9A263C48 /* Pods_Market_MarketUITests.framework */,
				3A52A5B520F8B9F937BA2897 /* Pods_MarketTests.framework */,
			);
			name = Frameworks;
			sourceTree = "<group>";
		};
		A67209B3F419D97C25A1315B /* Pods */ = {
			isa = PBXGroup;
			children = (
				BB70F108649BCBDAE5221B27 /* Pods-Market.debug.xcconfig */,
				C51470AFF2485031D2FA4CFC /* Pods-Market.release.xcconfig */,
				E94C9BE9D95FA4B1CEBA05ED /* Pods-Market-MarketUITests.debug.xcconfig */,
				5398430099C7BA2A6065C551 /* Pods-Market-MarketUITests.release.xcconfig */,
				DA632AFD7C3271E00B231CB2 /* Pods-MarketTests.debug.xcconfig */,
				F11FBE9A30307FFF90B85E9E /* Pods-MarketTests.release.xcconfig */,
			);
			name = Pods;
			path = Pods;
			sourceTree = "<group>";
		};
/* End PBXGroup section */

/* Begin PBXNativeTarget section */
		51B87A0123CEB9CC009C0550 /* Market */ = {
			isa = PBXNativeTarget;
			buildConfigurationList = 51B87A2C23CEB9CF009C0550 /* Build configuration list for PBXNativeTarget "Market" */;
			buildPhases = (
				CBF69F75D607AC59607DB3FF /* [CP] Check Pods Manifest.lock */,
				51B879FE23CEB9CC009C0550 /* Sources */,
				51B879FF23CEB9CC009C0550 /* Frameworks */,
				51B87A0023CEB9CC009C0550 /* Resources */,
				9073A80939B7E73AEB09B73A /* [CP] Embed Pods Frameworks */,
			);
			buildRules = (
			);
			dependencies = (
			);
			name = Market;
			productName = Market;
			productReference = 51B87A0223CEB9CC009C0550 /* Market.app */;
			productType = "com.apple.product-type.application";
		};
		51B87A1723CEB9CF009C0550 /* MarketTests */ = {
			isa = PBXNativeTarget;
			buildConfigurationList = 51B87A2F23CEB9CF009C0550 /* Build configuration list for PBXNativeTarget "MarketTests" */;
			buildPhases = (
				B6B31A932CDDA45AD35FE243 /* [CP] Check Pods Manifest.lock */,
				51B87A1423CEB9CF009C0550 /* Sources */,
				51B87A1523CEB9CF009C0550 /* Frameworks */,
				51B87A1623CEB9CF009C0550 /* Resources */,
			);
			buildRules = (
			);
			dependencies = (
				51B87A1A23CEB9CF009C0550 /* PBXTargetDependency */,
			);
			name = MarketTests;
			productName = MarketTests;
			productReference = 51B87A1823CEB9CF009C0550 /* MarketTests.xctest */;
			productType = "com.apple.product-type.bundle.unit-test";
		};
		51B87A2223CEB9CF009C0550 /* MarketUITests */ = {
			isa = PBXNativeTarget;
			buildConfigurationList = 51B87A3223CEB9CF009C0550 /* Build configuration list for PBXNativeTarget "MarketUITests" */;
			buildPhases = (
				146F94D9206CB65272DDFCA2 /* [CP] Check Pods Manifest.lock */,
				51B87A1F23CEB9CF009C0550 /* Sources */,
				51B87A2023CEB9CF009C0550 /* Frameworks */,
				51B87A2123CEB9CF009C0550 /* Resources */,
				9E23CCF32E314ECBB3D0CE8A /* [CP] Embed Pods Frameworks */,
			);
			buildRules = (
			);
			dependencies = (
				51B87A2523CEB9CF009C0550 /* PBXTargetDependency */,
			);
			name = MarketUITests;
			productName = MarketUITests;
			productReference = 51B87A2323CEB9CF009C0550 /* MarketUITests.xctest */;
			productType = "com.apple.product-type.bundle.ui-testing";
		};
/* End PBXNativeTarget section */

/* Begin PBXProject section */
		51B879FA23CEB9CC009C0550 /* Project object */ = {
			isa = PBXProject;
			attributes = {
				LastSwiftUpdateCheck = 1130;
				LastUpgradeCheck = 1130;
				ORGANIZATIONNAME = "Roger Trejo";
				TargetAttributes = {
					51B87A0123CEB9CC009C0550 = {
						CreatedOnToolsVersion = 11.3.1;
					};
					51B87A1723CEB9CF009C0550 = {
						CreatedOnToolsVersion = 11.3.1;
						TestTargetID = 51B87A0123CEB9CC009C0550;
					};
					51B87A2223CEB9CF009C0550 = {
						CreatedOnToolsVersion = 11.3.1;
						TestTargetID = 51B87A0123CEB9CC009C0550;
					};
				};
			};
			buildConfigurationList = 51B879FD23CEB9CC009C0550 /* Build configuration list for PBXProject "Market" */;
			compatibilityVersion = "Xcode 9.3";
			developmentRegion = en;
			hasScannedForEncodings = 0;
			knownRegions = (
				en,
				Base,
			);
			mainGroup = 51B879F923CEB9CC009C0550;
			productRefGroup = 51B87A0323CEB9CC009C0550 /* Products */;
			projectDirPath = "";
			projectRoot = "";
			targets = (
				51B87A0123CEB9CC009C0550 /* Market */,
				51B87A1723CEB9CF009C0550 /* MarketTests */,
				51B87A2223CEB9CF009C0550 /* MarketUITests */,
			);
		};
/* End PBXProject section */

/* Begin PBXResourcesBuildPhase section */
		51B87A0023CEB9CC009C0550 /* Resources */ = {
			isa = PBXResourcesBuildPhase;
			buildActionMask = 2147483647;
			files = (
				51B87A1223CEB9CF009C0550 /* LaunchScreen.storyboard in Resources */,
				51B87A0F23CEB9CF009C0550 /* Preview Assets.xcassets in Resources */,
				51B87A0C23CEB9CF009C0550 /* Assets.xcassets in Resources */,
			);
			runOnlyForDeploymentPostprocessing = 0;
		};
		51B87A1623CEB9CF009C0550 /* Resources */ = {
			isa = PBXResourcesBuildPhase;
			buildActionMask = 2147483647;
			files = (
			);
			runOnlyForDeploymentPostprocessing = 0;
		};
		51B87A2123CEB9CF009C0550 /* Resources */ = {
			isa = PBXResourcesBuildPhase;
			buildActionMask = 2147483647;
			files = (
			);
			runOnlyForDeploymentPostprocessing = 0;
		};
/* End PBXResourcesBuildPhase section */

/* Begin PBXShellScriptBuildPhase section */
		146F94D9206CB65272DDFCA2 /* [CP] Check Pods Manifest.lock */ = {
			isa = PBXShellScriptBuildPhase;
			buildActionMask = 2147483647;
			files = (
			);
			inputFileListPaths = (
			);
			inputPaths = (
				"${PODS_PODFILE_DIR_PATH}/Podfile.lock",
				"${PODS_ROOT}/Manifest.lock",
			);
			name = "[CP] Check Pods Manifest.lock";
			outputFileListPaths = (
			);
			outputPaths = (
				"$(DERIVED_FILE_DIR)/Pods-Market-MarketUITests-checkManifestLockResult.txt",
			);
			runOnlyForDeploymentPostprocessing = 0;
			shellPath = /bin/sh;
			shellScript = "diff \"${PODS_PODFILE_DIR_PATH}/Podfile.lock\" \"${PODS_ROOT}/Manifest.lock\" > /dev/null\nif [ $? != 0 ] ; then\n    # print error to STDERR\n    echo \"error: The sandbox is not in sync with the Podfile.lock. Run 'pod install' or update your CocoaPods installation.\" >&2\n    exit 1\nfi\n# This output is used by Xcode 'outputs' to avoid re-running this script phase.\necho \"SUCCESS\" > \"${SCRIPT_OUTPUT_FILE_0}\"\n";
			showEnvVarsInLog = 0;
		};
		9073A80939B7E73AEB09B73A /* [CP] Embed Pods Frameworks */ = {
			isa = PBXShellScriptBuildPhase;
			buildActionMask = 2147483647;
			files = (
			);
			inputFileListPaths = (
				"${PODS_ROOT}/Target Support Files/Pods-Market/Pods-Market-frameworks-${CONFIGURATION}-input-files.xcfilelist",
			);
			name = "[CP] Embed Pods Frameworks";
			outputFileListPaths = (
				"${PODS_ROOT}/Target Support Files/Pods-Market/Pods-Market-frameworks-${CONFIGURATION}-output-files.xcfilelist",
			);
			runOnlyForDeploymentPostprocessing = 0;
			shellPath = /bin/sh;
			shellScript = "\"${PODS_ROOT}/Target Support Files/Pods-Market/Pods-Market-frameworks.sh\"\n";
			showEnvVarsInLog = 0;
		};
		9E23CCF32E314ECBB3D0CE8A /* [CP] Embed Pods Frameworks */ = {
			isa = PBXShellScriptBuildPhase;
			buildActionMask = 2147483647;
			files = (
			);
			inputFileListPaths = (
				"${PODS_ROOT}/Target Support Files/Pods-Market-MarketUITests/Pods-Market-MarketUITests-frameworks-${CONFIGURATION}-input-files.xcfilelist",
			);
			name = "[CP] Embed Pods Frameworks";
			outputFileListPaths = (
				"${PODS_ROOT}/Target Support Files/Pods-Market-MarketUITests/Pods-Market-MarketUITests-frameworks-${CONFIGURATION}-output-files.xcfilelist",
			);
			runOnlyForDeploymentPostprocessing = 0;
			shellPath = /bin/sh;
			shellScript = "\"${PODS_ROOT}/Target Support Files/Pods-Market-MarketUITests/Pods-Market-MarketUITests-frameworks.sh\"\n";
			showEnvVarsInLog = 0;
		};
		B6B31A932CDDA45AD35FE243 /* [CP] Check Pods Manifest.lock */ = {
			isa = PBXShellScriptBuildPhase;
			buildActionMask = 2147483647;
			files = (
			);
			inputFileListPaths = (
			);
			inputPaths = (
				"${PODS_PODFILE_DIR_PATH}/Podfile.lock",
				"${PODS_ROOT}/Manifest.lock",
			);
			name = "[CP] Check Pods Manifest.lock";
			outputFileListPaths = (
			);
			outputPaths = (
				"$(DERIVED_FILE_DIR)/Pods-MarketTests-checkManifestLockResult.txt",
			);
			runOnlyForDeploymentPostprocessing = 0;
			shellPath = /bin/sh;
			shellScript = "diff \"${PODS_PODFILE_DIR_PATH}/Podfile.lock\" \"${PODS_ROOT}/Manifest.lock\" > /dev/null\nif [ $? != 0 ] ; then\n    # print error to STDERR\n    echo \"error: The sandbox is not in sync with the Podfile.lock. Run 'pod install' or update your CocoaPods installation.\" >&2\n    exit 1\nfi\n# This output is used by Xcode 'outputs' to avoid re-running this script phase.\necho \"SUCCESS\" > \"${SCRIPT_OUTPUT_FILE_0}\"\n";
			showEnvVarsInLog = 0;
		};
		CBF69F75D607AC59607DB3FF /* [CP] Check Pods Manifest.lock */ = {
			isa = PBXShellScriptBuildPhase;
			buildActionMask = 2147483647;
			files = (
			);
			inputFileListPaths = (
			);
			inputPaths = (
				"${PODS_PODFILE_DIR_PATH}/Podfile.lock",
				"${PODS_ROOT}/Manifest.lock",
			);
			name = "[CP] Check Pods Manifest.lock";
			outputFileListPaths = (
			);
			outputPaths = (
				"$(DERIVED_FILE_DIR)/Pods-Market-checkManifestLockResult.txt",
			);
			runOnlyForDeploymentPostprocessing = 0;
			shellPath = /bin/sh;
			shellScript = "diff \"${PODS_PODFILE_DIR_PATH}/Podfile.lock\" \"${PODS_ROOT}/Manifest.lock\" > /dev/null\nif [ $? != 0 ] ; then\n    # print error to STDERR\n    echo \"error: The sandbox is not in sync with the Podfile.lock. Run 'pod install' or update your CocoaPods installation.\" >&2\n    exit 1\nfi\n# This output is used by Xcode 'outputs' to avoid re-running this script phase.\necho \"SUCCESS\" > \"${SCRIPT_OUTPUT_FILE_0}\"\n";
			showEnvVarsInLog = 0;
		};
/* End PBXShellScriptBuildPhase section */

/* Begin PBXSourcesBuildPhase section */
		51B879FE23CEB9CC009C0550 /* Sources */ = {
			isa = PBXSourcesBuildPhase;
			buildActionMask = 2147483647;
			files = (
				51B87A0623CEB9CC009C0550 /* AppDelegate.swift in Sources */,
				51B87A0823CEB9CC009C0550 /* SceneDelegate.swift in Sources */,
				51B87A0A23CEB9CC009C0550 /* ContentView.swift in Sources */,
			);
			runOnlyForDeploymentPostprocessing = 0;
		};
		51B87A1423CEB9CF009C0550 /* Sources */ = {
			isa = PBXSourcesBuildPhase;
			buildActionMask = 2147483647;
			files = (
				51B87A1D23CEB9CF009C0550 /* MarketTests.swift in Sources */,
			);
			runOnlyForDeploymentPostprocessing = 0;
		};
		51B87A1F23CEB9CF009C0550 /* Sources */ = {
			isa = PBXSourcesBuildPhase;
			buildActionMask = 2147483647;
			files = (
				51B87A2823CEB9CF009C0550 /* MarketUITests.swift in Sources */,
			);
			runOnlyForDeploymentPostprocessing = 0;
		};
/* End PBXSourcesBuildPhase section */

/* Begin PBXTargetDependency section */
		51B87A1A23CEB9CF009C0550 /* PBXTargetDependency */ = {
			isa = PBXTargetDependency;
			target = 51B87A0123CEB9CC009C0550 /* Market */;
			targetProxy = 51B87A1923CEB9CF009C0550 /* PBXContainerItemProxy */;
		};
		51B87A2523CEB9CF009C0550 /* PBXTargetDependency */ = {
			isa = PBXTargetDependency;
			target = 51B87A0123CEB9CC009C0550 /* Market */;
			targetProxy = 51B87A2423CEB9CF009C0550 /* PBXContainerItemProxy */;
		};
/* End PBXTargetDependency section */

/* Begin PBXVariantGroup section */
		51B87A1023CEB9CF009C0550 /* LaunchScreen.storyboard */ = {
			isa = PBXVariantGroup;
			children = (
				51B87A1123CEB9CF009C0550 /* Base */,
			);
			name = LaunchScreen.storyboard;
			sourceTree = "<group>";
		};
/* End PBXVariantGroup section */

/* Begin XCBuildConfiguration section */
		51B87A2A23CEB9CF009C0550 /* Debug */ = {
			isa = XCBuildConfiguration;
			buildSettings = {
				ALWAYS_SEARCH_USER_PATHS = NO;
				CLANG_ANALYZER_NONNULL = YES;
				CLANG_ANALYZER_NUMBER_OBJECT_CONVERSION = YES_AGGRESSIVE;
				CLANG_CXX_LANGUAGE_STANDARD = "gnu++14";
				CLANG_CXX_LIBRARY = "libc++";
				CLANG_ENABLE_MODULES = YES;
				CLANG_ENABLE_OBJC_ARC = YES;
				CLANG_ENABLE_OBJC_WEAK = YES;
				CLANG_WARN_BLOCK_CAPTURE_AUTORELEASING = YES;
				CLANG_WARN_BOOL_CONVERSION = YES;
				CLANG_WARN_COMMA = YES;
				CLANG_WARN_CONSTANT_CONVERSION = YES;
				CLANG_WARN_DEPRECATED_OBJC_IMPLEMENTATIONS = YES;
				CLANG_WARN_DIRECT_OBJC_ISA_USAGE = YES_ERROR;
				CLANG_WARN_DOCUMENTATION_COMMENTS = YES;
				CLANG_WARN_EMPTY_BODY = YES;
				CLANG_WARN_ENUM_CONVERSION = YES;
				CLANG_WARN_INFINITE_RECURSION = YES;
				CLANG_WARN_INT_CONVERSION = YES;
				CLANG_WARN_NON_LITERAL_NULL_CONVERSION = YES;
				CLANG_WARN_OBJC_IMPLICIT_RETAIN_SELF = YES;
				CLANG_WARN_OBJC_LITERAL_CONVERSION = YES;
				CLANG_WARN_OBJC_ROOT_CLASS = YES_ERROR;
				CLANG_WARN_RANGE_LOOP_ANALYSIS = YES;
				CLANG_WARN_STRICT_PROTOTYPES = YES;
				CLANG_WARN_SUSPICIOUS_MOVE = YES;
				CLANG_WARN_UNGUARDED_AVAILABILITY = YES_AGGRESSIVE;
				CLANG_WARN_UNREACHABLE_CODE = YES;
				CLANG_WARN__DUPLICATE_METHOD_MATCH = YES;
				COPY_PHASE_STRIP = NO;
				DEBUG_INFORMATION_FORMAT = dwarf;
				ENABLE_STRICT_OBJC_MSGSEND = YES;
				ENABLE_TESTABILITY = YES;
				GCC_C_LANGUAGE_STANDARD = gnu11;
				GCC_DYNAMIC_NO_PIC = NO;
				GCC_NO_COMMON_BLOCKS = YES;
				GCC_OPTIMIZATION_LEVEL = 0;
				GCC_PREPROCESSOR_DEFINITIONS = (
					"DEBUG=1",
					"$(inherited)",
				);
				GCC_WARN_64_TO_32_BIT_CONVERSION = YES;
				GCC_WARN_ABOUT_RETURN_TYPE = YES_ERROR;
				GCC_WARN_UNDECLARED_SELECTOR = YES;
				GCC_WARN_UNINITIALIZED_AUTOS = YES_AGGRESSIVE;
				GCC_WARN_UNUSED_FUNCTION = YES;
				GCC_WARN_UNUSED_VARIABLE = YES;
				IPHONEOS_DEPLOYMENT_TARGET = 13.2;
				MTL_ENABLE_DEBUG_INFO = INCLUDE_SOURCE;
				MTL_FAST_MATH = YES;
				ONLY_ACTIVE_ARCH = YES;
				SDKROOT = iphoneos;
				SWIFT_ACTIVE_COMPILATION_CONDITIONS = DEBUG;
				SWIFT_OPTIMIZATION_LEVEL = "-Onone";
			};
			name = Debug;
		};
		51B87A2B23CEB9CF009C0550 /* Release */ = {
			isa = XCBuildConfiguration;
			buildSettings = {
				ALWAYS_SEARCH_USER_PATHS = NO;
				CLANG_ANALYZER_NONNULL = YES;
				CLANG_ANALYZER_NUMBER_OBJECT_CONVERSION = YES_AGGRESSIVE;
				CLANG_CXX_LANGUAGE_STANDARD = "gnu++14";
				CLANG_CXX_LIBRARY = "libc++";
				CLANG_ENABLE_MODULES = YES;
				CLANG_ENABLE_OBJC_ARC = YES;
				CLANG_ENABLE_OBJC_WEAK = YES;
				CLANG_WARN_BLOCK_CAPTURE_AUTORELEASING = YES;
				CLANG_WARN_BOOL_CONVERSION = YES;
				CLANG_WARN_COMMA = YES;
				CLANG_WARN_CONSTANT_CONVERSION = YES;
				CLANG_WARN_DEPRECATED_OBJC_IMPLEMENTATIONS = YES;
				CLANG_WARN_DIRECT_OBJC_ISA_USAGE = YES_ERROR;
				CLANG_WARN_DOCUMENTATION_COMMENTS = YES;
				CLANG_WARN_EMPTY_BODY = YES;
				CLANG_WARN_ENUM_CONVERSION = YES;
				CLANG_WARN_INFINITE_RECURSION = YES;
				CLANG_WARN_INT_CONVERSION = YES;
				CLANG_WARN_NON_LITERAL_NULL_CONVERSION = YES;
				CLANG_WARN_OBJC_IMPLICIT_RETAIN_SELF = YES;
				CLANG_WARN_OBJC_LITERAL_CONVERSION = YES;
				CLANG_WARN_OBJC_ROOT_CLASS = YES_ERROR;
				CLANG_WARN_RANGE_LOOP_ANALYSIS = YES;
				CLANG_WARN_STRICT_PROTOTYPES = YES;
				CLANG_WARN_SUSPICIOUS_MOVE = YES;
				CLANG_WARN_UNGUARDED_AVAILABILITY = YES_AGGRESSIVE;
				CLANG_WARN_UNREACHABLE_CODE = YES;
				CLANG_WARN__DUPLICATE_METHOD_MATCH = YES;
				COPY_PHASE_STRIP = NO;
				DEBUG_INFORMATION_FORMAT = "dwarf-with-dsym";
				ENABLE_NS_ASSERTIONS = NO;
				ENABLE_STRICT_OBJC_MSGSEND = YES;
				GCC_C_LANGUAGE_STANDARD = gnu11;
				GCC_NO_COMMON_BLOCKS = YES;
				GCC_WARN_64_TO_32_BIT_CONVERSION = YES;
				GCC_WARN_ABOUT_RETURN_TYPE = YES_ERROR;
				GCC_WARN_UNDECLARED_SELECTOR = YES;
				GCC_WARN_UNINITIALIZED_AUTOS = YES_AGGRESSIVE;
				GCC_WARN_UNUSED_FUNCTION = YES;
				GCC_WARN_UNUSED_VARIABLE = YES;
				IPHONEOS_DEPLOYMENT_TARGET = 13.2;
				MTL_ENABLE_DEBUG_INFO = NO;
				MTL_FAST_MATH = YES;
				SDKROOT = iphoneos;
				SWIFT_COMPILATION_MODE = wholemodule;
				SWIFT_OPTIMIZATION_LEVEL = "-O";
				VALIDATE_PRODUCT = YES;
			};
			name = Release;
		};
		51B87A2D23CEB9CF009C0550 /* Debug */ = {
			isa = XCBuildConfiguration;
			baseConfigurationReference = BB70F108649BCBDAE5221B27 /* Pods-Market.debug.xcconfig */;
			buildSettings = {
				ASSETCATALOG_COMPILER_APPICON_NAME = AppIcon;
				CODE_SIGN_STYLE = Automatic;
				DEVELOPMENT_ASSET_PATHS = "\"Market/Preview Content\"";
				DEVELOPMENT_TEAM = FN3HK8TBZ4;
				ENABLE_PREVIEWS = YES;
				INFOPLIST_FILE = Market/Info.plist;
				LD_RUNPATH_SEARCH_PATHS = (
					"$(inherited)",
					"@executable_path/Frameworks",
				);
				PRODUCT_BUNDLE_IDENTIFIER = com.RogerTrejo.Market;
				PRODUCT_NAME = "$(TARGET_NAME)";
				SWIFT_VERSION = 5.0;
				TARGETED_DEVICE_FAMILY = "1,2";
			};
			name = Debug;
		};
		51B87A2E23CEB9CF009C0550 /* Release */ = {
			isa = XCBuildConfiguration;
			baseConfigurationReference = C51470AFF2485031D2FA4CFC /* Pods-Market.release.xcconfig */;
			buildSettings = {
				ASSETCATALOG_COMPILER_APPICON_NAME = AppIcon;
				CODE_SIGN_STYLE = Automatic;
				DEVELOPMENT_ASSET_PATHS = "\"Market/Preview Content\"";
				DEVELOPMENT_TEAM = FN3HK8TBZ4;
				ENABLE_PREVIEWS = YES;
				INFOPLIST_FILE = Market/Info.plist;
				LD_RUNPATH_SEARCH_PATHS = (
					"$(inherited)",
					"@executable_path/Frameworks",
				);
				PRODUCT_BUNDLE_IDENTIFIER = com.RogerTrejo.Market;
				PRODUCT_NAME = "$(TARGET_NAME)";
				SWIFT_VERSION = 5.0;
				TARGETED_DEVICE_FAMILY = "1,2";
			};
			name = Release;
		};
		51B87A3023CEB9CF009C0550 /* Debug */ = {
			isa = XCBuildConfiguration;
			baseConfigurationReference = DA632AFD7C3271E00B231CB2 /* Pods-MarketTests.debug.xcconfig */;
			buildSettings = {
				ALWAYS_EMBED_SWIFT_STANDARD_LIBRARIES = YES;
				BUNDLE_LOADER = "$(TEST_HOST)";
				CODE_SIGN_STYLE = Automatic;
				DEVELOPMENT_TEAM = FN3HK8TBZ4;
				INFOPLIST_FILE = MarketTests/Info.plist;
				IPHONEOS_DEPLOYMENT_TARGET = 13.2;
				LD_RUNPATH_SEARCH_PATHS = (
					"$(inherited)",
					"@executable_path/Frameworks",
					"@loader_path/Frameworks",
				);
				PRODUCT_BUNDLE_IDENTIFIER = com.RogerTrejo.MarketTests;
				PRODUCT_NAME = "$(TARGET_NAME)";
				SWIFT_VERSION = 5.0;
				TARGETED_DEVICE_FAMILY = "1,2";
				TEST_HOST = "$(BUILT_PRODUCTS_DIR)/Market.app/Market";
			};
			name = Debug;
		};
		51B87A3123CEB9CF009C0550 /* Release */ = {
			isa = XCBuildConfiguration;
			baseConfigurationReference = F11FBE9A30307FFF90B85E9E /* Pods-MarketTests.release.xcconfig */;
			buildSettings = {
				ALWAYS_EMBED_SWIFT_STANDARD_LIBRARIES = YES;
				BUNDLE_LOADER = "$(TEST_HOST)";
				CODE_SIGN_STYLE = Automatic;
				DEVELOPMENT_TEAM = FN3HK8TBZ4;
				INFOPLIST_FILE = MarketTests/Info.plist;
				IPHONEOS_DEPLOYMENT_TARGET = 13.2;
				LD_RUNPATH_SEARCH_PATHS = (
					"$(inherited)",
					"@executable_path/Frameworks",
					"@loader_path/Frameworks",
				);
				PRODUCT_BUNDLE_IDENTIFIER = com.RogerTrejo.MarketTests;
				PRODUCT_NAME = "$(TARGET_NAME)";
				SWIFT_VERSION = 5.0;
				TARGETED_DEVICE_FAMILY = "1,2";
				TEST_HOST = "$(BUILT_PRODUCTS_DIR)/Market.app/Market";
			};
			name = Release;
		};
		51B87A3323CEB9CF009C0550 /* Debug */ = {
			isa = XCBuildConfiguration;
			baseConfigurationReference = E94C9BE9D95FA4B1CEBA05ED /* Pods-Market-MarketUITests.debug.xcconfig */;
			buildSettings = {
				ALWAYS_EMBED_SWIFT_STANDARD_LIBRARIES = YES;
				CODE_SIGN_STYLE = Automatic;
				DEVELOPMENT_TEAM = FN3HK8TBZ4;
				INFOPLIST_FILE = MarketUITests/Info.plist;
				LD_RUNPATH_SEARCH_PATHS = (
					"$(inherited)",
					"@executable_path/Frameworks",
					"@loader_path/Frameworks",
				);
				PRODUCT_BUNDLE_IDENTIFIER = com.RogerTrejo.MarketUITests;
				PRODUCT_NAME = "$(TARGET_NAME)";
				SWIFT_VERSION = 5.0;
				TARGETED_DEVICE_FAMILY = "1,2";
				TEST_TARGET_NAME = Market;
			};
			name = Debug;
		};
		51B87A3423CEB9CF009C0550 /* Release */ = {
			isa = XCBuildConfiguration;
			baseConfigurationReference = 5398430099C7BA2A6065C551 /* Pods-Market-MarketUITests.release.xcconfig */;
			buildSettings = {
				ALWAYS_EMBED_SWIFT_STANDARD_LIBRARIES = YES;
				CODE_SIGN_STYLE = Automatic;
				DEVELOPMENT_TEAM = FN3HK8TBZ4;
				INFOPLIST_FILE = MarketUITests/Info.plist;
				LD_RUNPATH_SEARCH_PATHS = (
					"$(inherited)",
					"@executable_path/Frameworks",
					"@loader_path/Frameworks",
				);
				PRODUCT_BUNDLE_IDENTIFIER = com.RogerTrejo.MarketUITests;
				PRODUCT_NAME = "$(TARGET_NAME)";
				SWIFT_VERSION = 5.0;
				TARGETED_DEVICE_FAMILY = "1,2";
				TEST_TARGET_NAME = Market;
			};
			name = Release;
		};
/* End XCBuildConfiguration section */

/* Begin XCConfigurationList section */
		51B879FD23CEB9CC009C0550 /* Build configuration list for PBXProject "Market" */ = {
			isa = XCConfigurationList;
			buildConfigurations = (
				51B87A2A23CEB9CF009C0550 /* Debug */,
				51B87A2B23CEB9CF009C0550 /* Release */,
			);
			defaultConfigurationIsVisible = 0;
			defaultConfigurationName = Release;
		};
		51B87A2C23CEB9CF009C0550 /* Build configuration list for PBXNativeTarget "Market" */ = {
			isa = XCConfigurationList;
			buildConfigurations = (
				51B87A2D23CEB9CF009C0550 /* Debug */,
				51B87A2E23CEB9CF009C0550 /* Release */,
			);
			defaultConfigurationIsVisible = 0;
			defaultConfigurationName = Release;
		};
		51B87A2F23CEB9CF009C0550 /* Build configuration list for PBXNativeTarget "MarketTests" */ = {
			isa = XCConfigurationList;
			buildConfigurations = (
				51B87A3023CEB9CF009C0550 /* Debug */,
				51B87A3123CEB9CF009C0550 /* Release */,
			);
			defaultConfigurationIsVisible = 0;
			defaultConfigurationName = Release;
		};
		51B87A3223CEB9CF009C0550 /* Build configuration list for PBXNativeTarget "MarketUITests" */ = {
			isa = XCConfigurationList;
			buildConfigurations = (
				51B87A3323CEB9CF009C0550 /* Debug */,
				51B87A3423CEB9CF009C0550 /* Release */,
			);
			defaultConfigurationIsVisible = 0;
			defaultConfigurationName = Release;
		};
/* End XCConfigurationList section */
	};
	rootObject = 51B879FA23CEB9CC009C0550 /* Project object */;
}
